// !$*UTF8*$!
{
	archiveVersion = 1;
	classes = {
	};
	objectVersion = 46;
	objects = {

/* Begin PBXBuildFile section */
		1F105CD61DF8F8FC00AF7101 /* TabBar.storyboard in Resources */ = {isa = PBXBuildFile; fileRef = 1F105CD41DF8F8FC00AF7101 /* TabBar.storyboard */; };
		1F105CDC1DF8F9C700AF7101 /* Travel.storyboard in Resources */ = {isa = PBXBuildFile; fileRef = 1F105CDA1DF8F9C700AF7101 /* Travel.storyboard */; };
		1F105CDF1DF8FA4400AF7101 /* Checklist.storyboard in Resources */ = {isa = PBXBuildFile; fileRef = 1F105CDD1DF8FA4400AF7101 /* Checklist.storyboard */; };
		1F105CE21DF8FDE800AF7101 /* BV_TabBarController.swift in Sources */ = {isa = PBXBuildFile; fileRef = 1F105CE11DF8FDE800AF7101 /* BV_TabBarController.swift */; };
		1F105CE51DF8FF5500AF7101 /* BV_ChecklistVC.swift in Sources */ = {isa = PBXBuildFile; fileRef = 1F105CE41DF8FF5500AF7101 /* BV_ChecklistVC.swift */; };
		1F105CE71DF9041A00AF7101 /* BusinessVisa1.json in Resources */ = {isa = PBXBuildFile; fileRef = 1F105CE61DF9041A00AF7101 /* BusinessVisa1.json */; };
		1F105CEA1DF909D400AF7101 /* BV_JsonData.swift in Sources */ = {isa = PBXBuildFile; fileRef = 1F105CE91DF909D400AF7101 /* BV_JsonData.swift */; };
		71198B551DFEC8A80071B550 /* icon-cover@2x.png in Resources */ = {isa = PBXBuildFile; fileRef = 71198B541DFEC8A80071B550 /* icon-cover@2x.png */; };
		71198B5D1E00477C0071B550 /* Food.storyboard in Resources */ = {isa = PBXBuildFile; fileRef = 71198B5B1E00477C0071B550 /* Food.storyboard */; };
		71198B611E01769C0071B550 /* BusinessVisa.json in Resources */ = {isa = PBXBuildFile; fileRef = 71198B601E01769C0071B550 /* BusinessVisa.json */; };
		726573A51DF729D500BEDEDF /* AppDelegate.swift in Sources */ = {isa = PBXBuildFile; fileRef = 726573A41DF729D500BEDEDF /* AppDelegate.swift */; };
		726573A71DF729D500BEDEDF /* ViewController.swift in Sources */ = {isa = PBXBuildFile; fileRef = 726573A61DF729D500BEDEDF /* ViewController.swift */; };
		726573AA1DF729D500BEDEDF /* Main.storyboard in Resources */ = {isa = PBXBuildFile; fileRef = 726573A81DF729D500BEDEDF /* Main.storyboard */; };
		726573AD1DF729D500BEDEDF /* BusinessVisa.xcdatamodeld in Sources */ = {isa = PBXBuildFile; fileRef = 726573AB1DF729D500BEDEDF /* BusinessVisa.xcdatamodeld */; };
		726573B21DF729D500BEDEDF /* LaunchScreen.storyboard in Resources */ = {isa = PBXBuildFile; fileRef = 726573B01DF729D500BEDEDF /* LaunchScreen.storyboard */; };
		CA1C87BA1E23988E00297EE9 /* Assets.xcassets in Resources */ = {isa = PBXBuildFile; fileRef = CA1C87B91E23988E00297EE9 /* Assets.xcassets */; };
		CAA06A761E2545F9006A527A /* BV_DetailsViewController.swift in Sources */ = {isa = PBXBuildFile; fileRef = CAA06A751E2545F9006A527A /* BV_DetailsViewController.swift */; };
		CAA06A781E254ED2006A527A /* BV_DetailsTableViewCell.swift in Sources */ = {isa = PBXBuildFile; fileRef = CAA06A771E254ED2006A527A /* BV_DetailsTableViewCell.swift */; };
/* End PBXBuildFile section */

/* Begin PBXFileReference section */
		1F105CD51DF8F8FC00AF7101 /* Base */ = {isa = PBXFileReference; lastKnownFileType = file.storyboard; name = Base; path = Base.lproj/TabBar.storyboard; sourceTree = "<group>"; };
		1F105CDB1DF8F9C700AF7101 /* Base */ = {isa = PBXFileReference; lastKnownFileType = file.storyboard; name = Base; path = Base.lproj/Travel.storyboard; sourceTree = "<group>"; };
		1F105CDE1DF8FA4400AF7101 /* Base */ = {isa = PBXFileReference; lastKnownFileType = file.storyboard; name = Base; path = Base.lproj/Checklist.storyboard; sourceTree = "<group>"; };
		1F105CE11DF8FDE800AF7101 /* BV_TabBarController.swift */ = {isa = PBXFileReference; fileEncoding = 4; lastKnownFileType = sourcecode.swift; name = BV_TabBarController.swift; path = TabController/BV_TabBarController.swift; sourceTree = "<group>"; };
		1F105CE41DF8FF5500AF7101 /* BV_ChecklistVC.swift */ = {isa = PBXFileReference; fileEncoding = 4; lastKnownFileType = sourcecode.swift; name = BV_ChecklistVC.swift; path = TabController/ChecklistController/BV_ChecklistVC.swift; sourceTree = "<group>"; };
		1F105CE61DF9041A00AF7101 /* BusinessVisa1.json */ = {isa = PBXFileReference; fileEncoding = 4; lastKnownFileType = text.json; path = BusinessVisa1.json; sourceTree = "<group>"; };
		1F105CE91DF909D400AF7101 /* BV_JsonData.swift */ = {isa = PBXFileReference; fileEncoding = 4; lastKnownFileType = sourcecode.swift; name = BV_JsonData.swift; path = Singleton/BV_JsonData.swift; sourceTree = "<group>"; };
		71198B541DFEC8A80071B550 /* icon-cover@2x.png */ = {isa = PBXFileReference; lastKnownFileType = image.png; path = "icon-cover@2x.png"; sourceTree = "<group>"; };
		71198B5C1E00477C0071B550 /* Base */ = {isa = PBXFileReference; lastKnownFileType = file.storyboard; name = Base; path = Base.lproj/Food.storyboard; sourceTree = "<group>"; };
		71198B601E01769C0071B550 /* BusinessVisa.json */ = {isa = PBXFileReference; fileEncoding = 4; lastKnownFileType = text.json; path = BusinessVisa.json; sourceTree = "<group>"; };
		726573A11DF729D500BEDEDF /* BusinessVisa.app */ = {isa = PBXFileReference; explicitFileType = wrapper.application; includeInIndex = 0; path = BusinessVisa.app; sourceTree = BUILT_PRODUCTS_DIR; };
		726573A41DF729D500BEDEDF /* AppDelegate.swift */ = {isa = PBXFileReference; lastKnownFileType = sourcecode.swift; path = AppDelegate.swift; sourceTree = "<group>"; };
		726573A61DF729D500BEDEDF /* ViewController.swift */ = {isa = PBXFileReference; lastKnownFileType = sourcecode.swift; path = ViewController.swift; sourceTree = "<group>"; };
		726573A91DF729D500BEDEDF /* Base */ = {isa = PBXFileReference; lastKnownFileType = file.storyboard; name = Base; path = Base.lproj/Main.storyboard; sourceTree = "<group>"; };
		726573AC1DF729D500BEDEDF /* BusinessVisa.xcdatamodel */ = {isa = PBXFileReference; lastKnownFileType = wrapper.xcdatamodel; path = BusinessVisa.xcdatamodel; sourceTree = "<group>"; };
		726573B11DF729D500BEDEDF /* Base */ = {isa = PBXFileReference; lastKnownFileType = file.storyboard; name = Base; path = Base.lproj/LaunchScreen.storyboard; sourceTree = "<group>"; };
		726573B31DF729D500BEDEDF /* Info.plist */ = {isa = PBXFileReference; lastKnownFileType = text.plist.xml; path = Info.plist; sourceTree = "<group>"; };
		CA1C87B91E23988E00297EE9 /* Assets.xcassets */ = {isa = PBXFileReference; lastKnownFileType = folder.assetcatalog; path = Assets.xcassets; sourceTree = "<group>"; };
		CAA06A751E2545F9006A527A /* BV_DetailsViewController.swift */ = {isa = PBXFileReference; fileEncoding = 4; lastKnownFileType = sourcecode.swift; name = BV_DetailsViewController.swift; path = TabController/ChecklistController/BV_DetailsViewController.swift; sourceTree = "<group>"; };
		CAA06A771E254ED2006A527A /* BV_DetailsTableViewCell.swift */ = {isa = PBXFileReference; fileEncoding = 4; lastKnownFileType = sourcecode.swift; name = BV_DetailsTableViewCell.swift; path = TabController/ChecklistController/BV_DetailsTableViewCell.swift; sourceTree = "<group>"; };
/* End PBXFileReference section */

/* Begin PBXFrameworksBuildPhase section */
		7265739E1DF729D500BEDEDF /* Frameworks */ = {
			isa = PBXFrameworksBuildPhase;
			buildActionMask = 2147483647;
			files = (
			);
			runOnlyForDeploymentPostprocessing = 0;
		};
/* End PBXFrameworksBuildPhase section */

/* Begin PBXGroup section */
		1F105CE01DF8FDA200AF7101 /* TabController */ = {
			isa = PBXGroup;
			children = (
				1F105CE11DF8FDE800AF7101 /* BV_TabBarController.swift */,
				1F105CE31DF8FF1D00AF7101 /* ChecklistController */,
			);
			name = TabController;
			sourceTree = "<group>";
		};
		1F105CE31DF8FF1D00AF7101 /* ChecklistController */ = {
			isa = PBXGroup;
			children = (
				1F105CE41DF8FF5500AF7101 /* BV_ChecklistVC.swift */,
				CAA06A751E2545F9006A527A /* BV_DetailsViewController.swift */,
				CAA06A771E254ED2006A527A /* BV_DetailsTableViewCell.swift */,
			);
			name = ChecklistController;
			sourceTree = "<group>";
		};
		1F105CE81DF9099E00AF7101 /* Singleton */ = {
			isa = PBXGroup;
			children = (
				1F105CE91DF909D400AF7101 /* BV_JsonData.swift */,
			);
			name = Singleton;
			sourceTree = "<group>";
		};
		726573981DF729D500BEDEDF = {
			isa = PBXGroup;
			children = (
				726573A31DF729D500BEDEDF /* BusinessVisa */,
				726573A21DF729D500BEDEDF /* Products */,
			);
			sourceTree = "<group>";
		};
		726573A21DF729D500BEDEDF /* Products */ = {
			isa = PBXGroup;
			children = (
				726573A11DF729D500BEDEDF /* BusinessVisa.app */,
			);
			name = Products;
			sourceTree = "<group>";
		};
		726573A31DF729D500BEDEDF /* BusinessVisa */ = {
			isa = PBXGroup;
			children = (
				71198B541DFEC8A80071B550 /* icon-cover@2x.png */,
				1F105CE81DF9099E00AF7101 /* Singleton */,
				1F105CE01DF8FDA200AF7101 /* TabController */,
				726573A41DF729D500BEDEDF /* AppDelegate.swift */,
				726573A61DF729D500BEDEDF /* ViewController.swift */,
				726573A81DF729D500BEDEDF /* Main.storyboard */,
				1F105CD41DF8F8FC00AF7101 /* TabBar.storyboard */,
				71198B5B1E00477C0071B550 /* Food.storyboard */,
				1F105CDD1DF8FA4400AF7101 /* Checklist.storyboard */,
				1F105CDA1DF8F9C700AF7101 /* Travel.storyboard */,
				1F105CE61DF9041A00AF7101 /* BusinessVisa1.json */,
				71198B601E01769C0071B550 /* BusinessVisa.json */,
				CA1C87B91E23988E00297EE9 /* Assets.xcassets */,
				726573B01DF729D500BEDEDF /* LaunchScreen.storyboard */,
				726573B31DF729D500BEDEDF /* Info.plist */,
				726573AB1DF729D500BEDEDF /* BusinessVisa.xcdatamodeld */,
			);
			path = BusinessVisa;
			sourceTree = "<group>";
		};
/* End PBXGroup section */

/* Begin PBXNativeTarget section */
		726573A01DF729D500BEDEDF /* BusinessVisa */ = {
			isa = PBXNativeTarget;
			buildConfigurationList = 726573B61DF729D500BEDEDF /* Build configuration list for PBXNativeTarget "BusinessVisa" */;
			buildPhases = (
				7265739D1DF729D500BEDEDF /* Sources */,
				7265739E1DF729D500BEDEDF /* Frameworks */,
				7265739F1DF729D500BEDEDF /* Resources */,
			);
			buildRules = (
			);
			dependencies = (
			);
			name = BusinessVisa;
			productName = BusinessVisa;
			productReference = 726573A11DF729D500BEDEDF /* BusinessVisa.app */;
			productType = "com.apple.product-type.application";
		};
/* End PBXNativeTarget section */

/* Begin PBXProject section */
		726573991DF729D500BEDEDF /* Project object */ = {
			isa = PBXProject;
			attributes = {
				CLASSPREFIX = BV_;
				LastSwiftUpdateCheck = 0810;
				LastUpgradeCheck = 0810;
				ORGANIZATIONNAME = Gemini;
				TargetAttributes = {
					726573A01DF729D500BEDEDF = {
						CreatedOnToolsVersion = 8.1;
						DevelopmentTeam = 643G3RL44Z;
						ProvisioningStyle = Manual;
					};
				};
			};
			buildConfigurationList = 7265739C1DF729D500BEDEDF /* Build configuration list for PBXProject "BusinessVisa" */;
			compatibilityVersion = "Xcode 3.2";
			developmentRegion = English;
			hasScannedForEncodings = 0;
			knownRegions = (
				en,
				Base,
			);
			mainGroup = 726573981DF729D500BEDEDF;
			productRefGroup = 726573A21DF729D500BEDEDF /* Products */;
			projectDirPath = "";
			projectRoot = "";
			targets = (
				726573A01DF729D500BEDEDF /* BusinessVisa */,
			);
		};
/* End PBXProject section */

/* Begin PBXResourcesBuildPhase section */
		7265739F1DF729D500BEDEDF /* Resources */ = {
			isa = PBXResourcesBuildPhase;
			buildActionMask = 2147483647;
			files = (
				71198B5D1E00477C0071B550 /* Food.storyboard in Resources */,
				1F105CD61DF8F8FC00AF7101 /* TabBar.storyboard in Resources */,
				71198B611E01769C0071B550 /* BusinessVisa.json in Resources */,
				1F105CDF1DF8FA4400AF7101 /* Checklist.storyboard in Resources */,
				CA1C87BA1E23988E00297EE9 /* Assets.xcassets in Resources */,
				1F105CE71DF9041A00AF7101 /* BusinessVisa1.json in Resources */,
				71198B551DFEC8A80071B550 /* icon-cover@2x.png in Resources */,
				726573B21DF729D500BEDEDF /* LaunchScreen.storyboard in Resources */,
				726573AA1DF729D500BEDEDF /* Main.storyboard in Resources */,
				1F105CDC1DF8F9C700AF7101 /* Travel.storyboard in Resources */,
			);
			runOnlyForDeploymentPostprocessing = 0;
		};
/* End PBXResourcesBuildPhase section */

/* Begin PBXSourcesBuildPhase section */
		7265739D1DF729D500BEDEDF /* Sources */ = {
			isa = PBXSourcesBuildPhase;
			buildActionMask = 2147483647;
			files = (
				CAA06A781E254ED2006A527A /* BV_DetailsTableViewCell.swift in Sources */,
				726573AD1DF729D500BEDEDF /* BusinessVisa.xcdatamodeld in Sources */,
				1F105CEA1DF909D400AF7101 /* BV_JsonData.swift in Sources */,
				726573A71DF729D500BEDEDF /* ViewController.swift in Sources */,
				1F105CE51DF8FF5500AF7101 /* BV_ChecklistVC.swift in Sources */,
				CAA06A761E2545F9006A527A /* BV_DetailsViewController.swift in Sources */,
				726573A51DF729D500BEDEDF /* AppDelegate.swift in Sources */,
				1F105CE21DF8FDE800AF7101 /* BV_TabBarController.swift in Sources */,
			);
			runOnlyForDeploymentPostprocessing = 0;
		};
/* End PBXSourcesBuildPhase section */

/* Begin PBXVariantGroup section */
		1F105CD41DF8F8FC00AF7101 /* TabBar.storyboard */ = {
			isa = PBXVariantGroup;
			children = (
				1F105CD51DF8F8FC00AF7101 /* Base */,
			);
			name = TabBar.storyboard;
			sourceTree = "<group>";
		};
		1F105CDA1DF8F9C700AF7101 /* Travel.storyboard */ = {
			isa = PBXVariantGroup;
			children = (
				1F105CDB1DF8F9C700AF7101 /* Base */,
			);
			name = Travel.storyboard;
			sourceTree = "<group>";
		};
		1F105CDD1DF8FA4400AF7101 /* Checklist.storyboard */ = {
			isa = PBXVariantGroup;
			children = (
				1F105CDE1DF8FA4400AF7101 /* Base */,
			);
			name = Checklist.storyboard;
			sourceTree = "<group>";
		};
		71198B5B1E00477C0071B550 /* Food.storyboard */ = {
			isa = PBXVariantGroup;
			children = (
				71198B5C1E00477C0071B550 /* Base */,
			);
			name = Food.storyboard;
			sourceTree = "<group>";
		};
		726573A81DF729D500BEDEDF /* Main.storyboard */ = {
			isa = PBXVariantGroup;
			children = (
				726573A91DF729D500BEDEDF /* Base */,
			);
			name = Main.storyboard;
			sourceTree = "<group>";
		};
		726573B01DF729D500BEDEDF /* LaunchScreen.storyboard */ = {
			isa = PBXVariantGroup;
			children = (
				726573B11DF729D500BEDEDF /* Base */,
			);
			name = LaunchScreen.storyboard;
			sourceTree = "<group>";
		};
/* End PBXVariantGroup section */

/* Begin XCBuildConfiguration section */
		726573B41DF729D500BEDEDF /* Debug */ = {
			isa = XCBuildConfiguration;
			buildSettings = {
				ALWAYS_SEARCH_USER_PATHS = NO;
				CLANG_ANALYZER_NONNULL = YES;
				CLANG_CXX_LANGUAGE_STANDARD = "gnu++0x";
				CLANG_CXX_LIBRARY = "libc++";
				CLANG_ENABLE_MODULES = YES;
				CLANG_ENABLE_OBJC_ARC = YES;
				CLANG_WARN_BOOL_CONVERSION = YES;
				CLANG_WARN_CONSTANT_CONVERSION = YES;
				CLANG_WARN_DIRECT_OBJC_ISA_USAGE = YES_ERROR;
				CLANG_WARN_DOCUMENTATION_COMMENTS = YES;
				CLANG_WARN_EMPTY_BODY = YES;
				CLANG_WARN_ENUM_CONVERSION = YES;
				CLANG_WARN_INFINITE_RECURSION = YES;
				CLANG_WARN_INT_CONVERSION = YES;
				CLANG_WARN_OBJC_ROOT_CLASS = YES_ERROR;
				CLANG_WARN_SUSPICIOUS_MOVES = YES;
				CLANG_WARN_UNREACHABLE_CODE = YES;
				CLANG_WARN__DUPLICATE_METHOD_MATCH = YES;
				CODE_SIGN_IDENTITY = "iPhone Developer: madasravankumar@gmail.com (K5FG8VFNEC)";
				"CODE_SIGN_IDENTITY[sdk=iphoneos*]" = "iPhone Developer: madasravankumar@gmail.com (K5FG8VFNEC)";
				COPY_PHASE_STRIP = NO;
				DEBUG_INFORMATION_FORMAT = dwarf;
				DEVELOPMENT_TEAM = 643G3RL44Z;
				ENABLE_STRICT_OBJC_MSGSEND = YES;
				ENABLE_TESTABILITY = YES;
				GCC_C_LANGUAGE_STANDARD = gnu99;
				GCC_DYNAMIC_NO_PIC = NO;
				GCC_NO_COMMON_BLOCKS = YES;
				GCC_OPTIMIZATION_LEVEL = 0;
				GCC_PREPROCESSOR_DEFINITIONS = (
					"DEBUG=1",
					"$(inherited)",
				);
				GCC_WARN_64_TO_32_BIT_CONVERSION = YES;
				GCC_WARN_ABOUT_RETURN_TYPE = YES_ERROR;
				GCC_WARN_UNDECLARED_SELECTOR = YES;
				GCC_WARN_UNINITIALIZED_AUTOS = YES_AGGRESSIVE;
				GCC_WARN_UNUSED_FUNCTION = YES;
				GCC_WARN_UNUSED_VARIABLE = YES;
				IPHONEOS_DEPLOYMENT_TARGET = 10.1;
				MTL_ENABLE_DEBUG_INFO = YES;
				ONLY_ACTIVE_ARCH = YES;
				SDKROOT = iphoneos;
				SWIFT_ACTIVE_COMPILATION_CONDITIONS = DEBUG;
				SWIFT_OPTIMIZATION_LEVEL = "-Onone";
			};
			name = Debug;
		};
		726573B51DF729D500BEDEDF /* Release */ = {
			isa = XCBuildConfiguration;
			buildSettings = {
				ALWAYS_SEARCH_USER_PATHS = NO;
				CLANG_ANALYZER_NONNULL = YES;
				CLANG_CXX_LANGUAGE_STANDARD = "gnu++0x";
				CLANG_CXX_LIBRARY = "libc++";
				CLANG_ENABLE_MODULES = YES;
				CLANG_ENABLE_OBJC_ARC = YES;
				CLANG_WARN_BOOL_CONVERSION = YES;
				CLANG_WARN_CONSTANT_CONVERSION = YES;
				CLANG_WARN_DIRECT_OBJC_ISA_USAGE = YES_ERROR;
				CLANG_WARN_DOCUMENTATION_COMMENTS = YES;
				CLANG_WARN_EMPTY_BODY = YES;
				CLANG_WARN_ENUM_CONVERSION = YES;
				CLANG_WARN_INFINITE_RECURSION = YES;
				CLANG_WARN_INT_CONVERSION = YES;
				CLANG_WARN_OBJC_ROOT_CLASS = YES_ERROR;
				CLANG_WARN_SUSPICIOUS_MOVES = YES;
				CLANG_WARN_UNREACHABLE_CODE = YES;
				CLANG_WARN__DUPLICATE_METHOD_MATCH = YES;
				CODE_SIGN_IDENTITY = "iPhone Developer: madasravankumar@gmail.com (K5FG8VFNEC)";
				"CODE_SIGN_IDENTITY[sdk=iphoneos*]" = "iPhone Developer: madasravankumar@gmail.com (K5FG8VFNEC)";
				COPY_PHASE_STRIP = NO;
				DEBUG_INFORMATION_FORMAT = "dwarf-with-dsym";
				DEVELOPMENT_TEAM = 643G3RL44Z;
				ENABLE_NS_ASSERTIONS = NO;
				ENABLE_STRICT_OBJC_MSGSEND = YES;
				GCC_C_LANGUAGE_STANDARD = gnu99;
				GCC_NO_COMMON_BLOCKS = YES;
				GCC_WARN_64_TO_32_BIT_CONVERSION = YES;
				GCC_WARN_ABOUT_RETURN_TYPE = YES_ERROR;
				GCC_WARN_UNDECLARED_SELECTOR = YES;
				GCC_WARN_UNINITIALIZED_AUTOS = YES_AGGRESSIVE;
				GCC_WARN_UNUSED_FUNCTION = YES;
				GCC_WARN_UNUSED_VARIABLE = YES;
				IPHONEOS_DEPLOYMENT_TARGET = 10.1;
				MTL_ENABLE_DEBUG_INFO = NO;
				SDKROOT = iphoneos;
				SWIFT_OPTIMIZATION_LEVEL = "-Owholemodule";
				VALIDATE_PRODUCT = YES;
			};
			name = Release;
		};
		726573B71DF729D500BEDEDF /* Debug */ = {
			isa = XCBuildConfiguration;
			buildSettings = {
				ASSETCATALOG_COMPILER_APPICON_NAME = AppIcon;
				CODE_SIGN_IDENTITY = "iPhone Developer: madasravankumar@gmail.com (K5FG8VFNEC)";
				"CODE_SIGN_IDENTITY[sdk=iphoneos*]" = "iPhone Developer: madasravankumar@gmail.com (K5FG8VFNEC)";
				DEVELOPMENT_TEAM = 643G3RL44Z;
				INFOPLIST_FILE = BusinessVisa/Info.plist;
				IPHONEOS_DEPLOYMENT_TARGET = 10.0;
				LD_RUNPATH_SEARCH_PATHS = "$(inherited) @executable_path/Frameworks";
				PRODUCT_BUNDLE_IDENTIFIER = com.Gemini.BusinessVisa;
				PRODUCT_NAME = "$(TARGET_NAME)";
				SWIFT_VERSION = 3.0;
			};
			name = Debug;
		};
		726573B81DF729D500BEDEDF /* Release */ = {
			isa = XCBuildConfiguration;
			buildSettings = {
				ASSETCATALOG_COMPILER_APPICON_NAME = AppIcon;
				CODE_SIGN_IDENTITY = "iPhone Developer: madasravankumar@gmail.com (K5FG8VFNEC)";
				"CODE_SIGN_IDENTITY[sdk=iphoneos*]" = "iPhone Developer: madasravankumar@gmail.com (K5FG8VFNEC)";
				DEVELOPMENT_TEAM = 643G3RL44Z;
				INFOPLIST_FILE = BusinessVisa/Info.plist;
				IPHONEOS_DEPLOYMENT_TARGET = 10.0;
				LD_RUNPATH_SEARCH_PATHS = "$(inherited) @executable_path/Frameworks";
				PRODUCT_BUNDLE_IDENTIFIER = com.Gemini.BusinessVisa;
				PRODUCT_NAME = "$(TARGET_NAME)";
				SWIFT_VERSION = 3.0;
			};
			name = Release;
		};
/* End XCBuildConfiguration section */

/* Begin XCConfigurationList section */
		7265739C1DF729D500BEDEDF /* Build configuration list for PBXProject "BusinessVisa" */ = {
			isa = XCConfigurationList;
			buildConfigurations = (
				726573B41DF729D500BEDEDF /* Debug */,
				726573B51DF729D500BEDEDF /* Release */,
			);
			defaultConfigurationIsVisible = 0;
			defaultConfigurationName = Release;
		};
		726573B61DF729D500BEDEDF /* Build configuration list for PBXNativeTarget "BusinessVisa" */ = {
			isa = XCConfigurationList;
			buildConfigurations = (
				726573B71DF729D500BEDEDF /* Debug */,
				726573B81DF729D500BEDEDF /* Release */,
			);
			defaultConfigurationIsVisible = 0;
			defaultConfigurationName = Release;
		};
/* End XCConfigurationList section */

/* Begin XCVersionGroup section */
		726573AB1DF729D500BEDEDF /* BusinessVisa.xcdatamodeld */ = {
			isa = XCVersionGroup;
			children = (
				726573AC1DF729D500BEDEDF /* BusinessVisa.xcdatamodel */,
			);
			currentVersion = 726573AC1DF729D500BEDEDF /* BusinessVisa.xcdatamodel */;
			path = BusinessVisa.xcdatamodeld;
			sourceTree = "<group>";
			versionGroupType = wrapper.xcdatamodel;
		};
/* End XCVersionGroup section */
	};
	rootObject = 726573991DF729D500BEDEDF /* Project object */;
}
